// !$*UTF8*$!
{
	archiveVersion = 1;
	classes = {
	};
	objectVersion = 46;
	objects = {

/* Begin PBXBuildFile section */
		F378079C1A348F4B007D6A8F /* CustomActionSheetController.h in Headers */ = {isa = PBXBuildFile; fileRef = F378079B1A348F4B007D6A8F /* CustomActionSheetController.h */; settings = {ATTRIBUTES = (Public, ); }; };
		F37807A21A348F4C007D6A8F /* CustomActionSheetController.framework in Frameworks */ = {isa = PBXBuildFile; fileRef = F37807961A348F4B007D6A8F /* CustomActionSheetController.framework */; };
		F37807A91A348F4C007D6A8F /* CustomActionSheetControllerTests.swift in Sources */ = {isa = PBXBuildFile; fileRef = F37807A81A348F4C007D6A8F /* CustomActionSheetControllerTests.swift */; };
		F39881B71A348FB300965BFD /* AppDelegate.swift in Sources */ = {isa = PBXBuildFile; fileRef = F39881B61A348FB300965BFD /* AppDelegate.swift */; };
		F39881B91A348FB300965BFD /* ViewController.swift in Sources */ = {isa = PBXBuildFile; fileRef = F39881B81A348FB300965BFD /* ViewController.swift */; };
		F39881BC1A348FB300965BFD /* Main.storyboard in Resources */ = {isa = PBXBuildFile; fileRef = F39881BA1A348FB300965BFD /* Main.storyboard */; };
		F39881BE1A348FB300965BFD /* Images.xcassets in Resources */ = {isa = PBXBuildFile; fileRef = F39881BD1A348FB300965BFD /* Images.xcassets */; };
		F39881C11A348FB300965BFD /* LaunchScreen.xib in Resources */ = {isa = PBXBuildFile; fileRef = F39881BF1A348FB300965BFD /* LaunchScreen.xib */; };
		F39881D41A348FE200965BFD /* CustomActionSheetController.framework in Frameworks */ = {isa = PBXBuildFile; fileRef = F37807961A348F4B007D6A8F /* CustomActionSheetController.framework */; };
		F39881D51A348FE200965BFD /* CustomActionSheetController.framework in Embed Frameworks */ = {isa = PBXBuildFile; fileRef = F37807961A348F4B007D6A8F /* CustomActionSheetController.framework */; settings = {ATTRIBUTES = (CodeSignOnCopy, RemoveHeadersOnCopy, ); }; };
		F39881DA1A34934E00965BFD /* CustomActionSheetController.swift in Sources */ = {isa = PBXBuildFile; fileRef = F39881D91A34934E00965BFD /* CustomActionSheetController.swift */; };
		F39881E41A34974500965BFD /* CustomActionSheet.storyboard in Resources */ = {isa = PBXBuildFile; fileRef = F39881E31A34974500965BFD /* CustomActionSheet.storyboard */; };
		F39881E61A349E2700965BFD /* Images.xcassets in Resources */ = {isa = PBXBuildFile; fileRef = F39881E51A349E2700965BFD /* Images.xcassets */; };
		F39881E81A349FC700965BFD /* CustomActionSheetCell.swift in Sources */ = {isa = PBXBuildFile; fileRef = F39881E71A349FC700965BFD /* CustomActionSheetCell.swift */; };
		F39881EA1A34ACB400965BFD /* CustomActionSheetAction.swift in Sources */ = {isa = PBXBuildFile; fileRef = F39881E91A34ACB400965BFD /* CustomActionSheetAction.swift */; };
		F398822D1A351ADE00965BFD /* CustomActionSheetForPad.storyboard in Resources */ = {isa = PBXBuildFile; fileRef = F398822C1A351ADE00965BFD /* CustomActionSheetForPad.storyboard */; };
		F3A517771A6CB0A500FFFFA4 /* CustomActionSheetPresentationController.swift in Sources */ = {isa = PBXBuildFile; fileRef = F3A517761A6CB0A500FFFFA4 /* CustomActionSheetPresentationController.swift */; };
/* End PBXBuildFile section */

/* Begin PBXContainerItemProxy section */
		F37807A31A348F4C007D6A8F /* PBXContainerItemProxy */ = {
			isa = PBXContainerItemProxy;
			containerPortal = F378078D1A348F4B007D6A8F /* Project object */;
			proxyType = 1;
			remoteGlobalIDString = F37807951A348F4B007D6A8F;
			remoteInfo = CustomActionSheetController;
		};
		F39881D61A348FE200965BFD /* PBXContainerItemProxy */ = {
			isa = PBXContainerItemProxy;
			containerPortal = F378078D1A348F4B007D6A8F /* Project object */;
			proxyType = 1;
			remoteGlobalIDString = F37807951A348F4B007D6A8F;
			remoteInfo = CustomActionSheetController;
		};
/* End PBXContainerItemProxy section */

/* Begin PBXCopyFilesBuildPhase section */
		F39881D81A348FE200965BFD /* Embed Frameworks */ = {
			isa = PBXCopyFilesBuildPhase;
			buildActionMask = 2147483647;
			dstPath = "";
			dstSubfolderSpec = 10;
			files = (
				F39881D51A348FE200965BFD /* CustomActionSheetController.framework in Embed Frameworks */,
			);
			name = "Embed Frameworks";
			runOnlyForDeploymentPostprocessing = 0;
		};
/* End PBXCopyFilesBuildPhase section */

/* Begin PBXFileReference section */
		F37807961A348F4B007D6A8F /* CustomActionSheetController.framework */ = {isa = PBXFileReference; explicitFileType = wrapper.framework; includeInIndex = 0; path = CustomActionSheetController.framework; sourceTree = BUILT_PRODUCTS_DIR; };
		F378079A1A348F4B007D6A8F /* Info.plist */ = {isa = PBXFileReference; lastKnownFileType = text.plist.xml; path = Info.plist; sourceTree = "<group>"; };
		F378079B1A348F4B007D6A8F /* CustomActionSheetController.h */ = {isa = PBXFileReference; lastKnownFileType = sourcecode.c.h; path = CustomActionSheetController.h; sourceTree = "<group>"; };
		F37807A11A348F4C007D6A8F /* CustomActionSheetControllerTests.xctest */ = {isa = PBXFileReference; explicitFileType = wrapper.cfbundle; includeInIndex = 0; path = CustomActionSheetControllerTests.xctest; sourceTree = BUILT_PRODUCTS_DIR; };
		F37807A71A348F4C007D6A8F /* Info.plist */ = {isa = PBXFileReference; lastKnownFileType = text.plist.xml; path = Info.plist; sourceTree = "<group>"; };
		F37807A81A348F4C007D6A8F /* CustomActionSheetControllerTests.swift */ = {isa = PBXFileReference; lastKnownFileType = sourcecode.swift; path = CustomActionSheetControllerTests.swift; sourceTree = "<group>"; };
		F39881B21A348FB300965BFD /* CustomActionSheetDemo.app */ = {isa = PBXFileReference; explicitFileType = wrapper.application; includeInIndex = 0; path = CustomActionSheetDemo.app; sourceTree = BUILT_PRODUCTS_DIR; };
		F39881B51A348FB300965BFD /* Info.plist */ = {isa = PBXFileReference; lastKnownFileType = text.plist.xml; path = Info.plist; sourceTree = "<group>"; };
		F39881B61A348FB300965BFD /* AppDelegate.swift */ = {isa = PBXFileReference; lastKnownFileType = sourcecode.swift; path = AppDelegate.swift; sourceTree = "<group>"; };
		F39881B81A348FB300965BFD /* ViewController.swift */ = {isa = PBXFileReference; lastKnownFileType = sourcecode.swift; path = ViewController.swift; sourceTree = "<group>"; };
		F39881BB1A348FB300965BFD /* Base */ = {isa = PBXFileReference; lastKnownFileType = file.storyboard; name = Base; path = Base.lproj/Main.storyboard; sourceTree = "<group>"; };
		F39881BD1A348FB300965BFD /* Images.xcassets */ = {isa = PBXFileReference; lastKnownFileType = folder.assetcatalog; path = Images.xcassets; sourceTree = "<group>"; };
		F39881C01A348FB300965BFD /* Base */ = {isa = PBXFileReference; lastKnownFileType = file.xib; name = Base; path = Base.lproj/LaunchScreen.xib; sourceTree = "<group>"; };
		F39881D91A34934E00965BFD /* CustomActionSheetController.swift */ = {isa = PBXFileReference; fileEncoding = 4; lastKnownFileType = sourcecode.swift; path = CustomActionSheetController.swift; sourceTree = "<group>"; };
		F39881E31A34974500965BFD /* CustomActionSheet.storyboard */ = {isa = PBXFileReference; fileEncoding = 4; lastKnownFileType = file.storyboard; path = CustomActionSheet.storyboard; sourceTree = "<group>"; };
		F39881E51A349E2700965BFD /* Images.xcassets */ = {isa = PBXFileReference; lastKnownFileType = folder.assetcatalog; path = Images.xcassets; sourceTree = "<group>"; };
		F39881E71A349FC700965BFD /* CustomActionSheetCell.swift */ = {isa = PBXFileReference; fileEncoding = 4; lastKnownFileType = sourcecode.swift; path = CustomActionSheetCell.swift; sourceTree = "<group>"; };
		F39881E91A34ACB400965BFD /* CustomActionSheetAction.swift */ = {isa = PBXFileReference; fileEncoding = 4; lastKnownFileType = sourcecode.swift; path = CustomActionSheetAction.swift; sourceTree = "<group>"; };
		F398822C1A351ADE00965BFD /* CustomActionSheetForPad.storyboard */ = {isa = PBXFileReference; fileEncoding = 4; lastKnownFileType = file.storyboard; path = CustomActionSheetForPad.storyboard; sourceTree = "<group>"; };
		F3A517761A6CB0A500FFFFA4 /* CustomActionSheetPresentationController.swift */ = {isa = PBXFileReference; fileEncoding = 4; lastKnownFileType = sourcecode.swift; path = CustomActionSheetPresentationController.swift; sourceTree = "<group>"; };
/* End PBXFileReference section */

/* Begin PBXFrameworksBuildPhase section */
		F37807921A348F4B007D6A8F /* Frameworks */ = {
			isa = PBXFrameworksBuildPhase;
			buildActionMask = 2147483647;
			files = (
			);
			runOnlyForDeploymentPostprocessing = 0;
		};
		F378079E1A348F4C007D6A8F /* Frameworks */ = {
			isa = PBXFrameworksBuildPhase;
			buildActionMask = 2147483647;
			files = (
				F37807A21A348F4C007D6A8F /* CustomActionSheetController.framework in Frameworks */,
			);
			runOnlyForDeploymentPostprocessing = 0;
		};
		F39881AF1A348FB300965BFD /* Frameworks */ = {
			isa = PBXFrameworksBuildPhase;
			buildActionMask = 2147483647;
			files = (
				F39881D41A348FE200965BFD /* CustomActionSheetController.framework in Frameworks */,
			);
			runOnlyForDeploymentPostprocessing = 0;
		};
/* End PBXFrameworksBuildPhase section */

/* Begin PBXGroup section */
		F378078C1A348F4B007D6A8F = {
			isa = PBXGroup;
			children = (
				F37807981A348F4B007D6A8F /* CustomActionSheetController */,
				F37807A51A348F4C007D6A8F /* CustomActionSheetControllerTests */,
				F39881B31A348FB300965BFD /* CustomActionSheetDemo */,
				F37807971A348F4B007D6A8F /* Products */,
			);
			sourceTree = "<group>";
		};
		F37807971A348F4B007D6A8F /* Products */ = {
			isa = PBXGroup;
			children = (
				F37807961A348F4B007D6A8F /* CustomActionSheetController.framework */,
				F37807A11A348F4C007D6A8F /* CustomActionSheetControllerTests.xctest */,
				F39881B21A348FB300965BFD /* CustomActionSheetDemo.app */,
			);
			name = Products;
			sourceTree = "<group>";
		};
		F37807981A348F4B007D6A8F /* CustomActionSheetController */ = {
			isa = PBXGroup;
			children = (
				F3A517761A6CB0A500FFFFA4 /* CustomActionSheetPresentationController.swift */,
				F378079B1A348F4B007D6A8F /* CustomActionSheetController.h */,
				F39881D91A34934E00965BFD /* CustomActionSheetController.swift */,
				F39881E91A34ACB400965BFD /* CustomActionSheetAction.swift */,
				F39881E71A349FC700965BFD /* CustomActionSheetCell.swift */,
				F39881E31A34974500965BFD /* CustomActionSheet.storyboard */,
				F398822C1A351ADE00965BFD /* CustomActionSheetForPad.storyboard */,
				F39881E51A349E2700965BFD /* Images.xcassets */,
				F37807991A348F4B007D6A8F /* Supporting Files */,
			);
			path = CustomActionSheetController;
			sourceTree = "<group>";
		};
		F37807991A348F4B007D6A8F /* Supporting Files */ = {
			isa = PBXGroup;
			children = (
				F378079A1A348F4B007D6A8F /* Info.plist */,
			);
			name = "Supporting Files";
			sourceTree = "<group>";
		};
		F37807A51A348F4C007D6A8F /* CustomActionSheetControllerTests */ = {
			isa = PBXGroup;
			children = (
				F37807A81A348F4C007D6A8F /* CustomActionSheetControllerTests.swift */,
				F37807A61A348F4C007D6A8F /* Supporting Files */,
			);
			path = CustomActionSheetControllerTests;
			sourceTree = "<group>";
		};
		F37807A61A348F4C007D6A8F /* Supporting Files */ = {
			isa = PBXGroup;
			children = (
				F37807A71A348F4C007D6A8F /* Info.plist */,
			);
			name = "Supporting Files";
			sourceTree = "<group>";
		};
		F39881B31A348FB300965BFD /* CustomActionSheetDemo */ = {
			isa = PBXGroup;
			children = (
				F39881B61A348FB300965BFD /* AppDelegate.swift */,
				F39881B81A348FB300965BFD /* ViewController.swift */,
				F39881BA1A348FB300965BFD /* Main.storyboard */,
				F39881BD1A348FB300965BFD /* Images.xcassets */,
				F39881BF1A348FB300965BFD /* LaunchScreen.xib */,
				F39881B41A348FB300965BFD /* Supporting Files */,
			);
			path = CustomActionSheetDemo;
			sourceTree = "<group>";
		};
		F39881B41A348FB300965BFD /* Supporting Files */ = {
			isa = PBXGroup;
			children = (
				F39881B51A348FB300965BFD /* Info.plist */,
			);
			name = "Supporting Files";
			sourceTree = "<group>";
		};
/* End PBXGroup section */

/* Begin PBXHeadersBuildPhase section */
		F37807931A348F4B007D6A8F /* Headers */ = {
			isa = PBXHeadersBuildPhase;
			buildActionMask = 2147483647;
			files = (
				F378079C1A348F4B007D6A8F /* CustomActionSheetController.h in Headers */,
			);
			runOnlyForDeploymentPostprocessing = 0;
		};
/* End PBXHeadersBuildPhase section */

/* Begin PBXNativeTarget section */
		F37807951A348F4B007D6A8F /* CustomActionSheetController */ = {
			isa = PBXNativeTarget;
			buildConfigurationList = F37807AC1A348F4C007D6A8F /* Build configuration list for PBXNativeTarget "CustomActionSheetController" */;
			buildPhases = (
				F37807911A348F4B007D6A8F /* Sources */,
				F37807921A348F4B007D6A8F /* Frameworks */,
				F37807931A348F4B007D6A8F /* Headers */,
				F37807941A348F4B007D6A8F /* Resources */,
			);
			buildRules = (
			);
			dependencies = (
			);
			name = CustomActionSheetController;
			productName = CustomActionSheetController;
			productReference = F37807961A348F4B007D6A8F /* CustomActionSheetController.framework */;
			productType = "com.apple.product-type.framework";
		};
		F37807A01A348F4C007D6A8F /* CustomActionSheetControllerTests */ = {
			isa = PBXNativeTarget;
			buildConfigurationList = F37807AF1A348F4C007D6A8F /* Build configuration list for PBXNativeTarget "CustomActionSheetControllerTests" */;
			buildPhases = (
				F378079D1A348F4C007D6A8F /* Sources */,
				F378079E1A348F4C007D6A8F /* Frameworks */,
				F378079F1A348F4C007D6A8F /* Resources */,
			);
			buildRules = (
			);
			dependencies = (
				F37807A41A348F4C007D6A8F /* PBXTargetDependency */,
			);
			name = CustomActionSheetControllerTests;
			productName = CustomActionSheetControllerTests;
			productReference = F37807A11A348F4C007D6A8F /* CustomActionSheetControllerTests.xctest */;
			productType = "com.apple.product-type.bundle.unit-test";
		};
		F39881B11A348FB300965BFD /* CustomActionSheetDemo */ = {
			isa = PBXNativeTarget;
			buildConfigurationList = F39881D21A348FB300965BFD /* Build configuration list for PBXNativeTarget "CustomActionSheetDemo" */;
			buildPhases = (
				F39881AE1A348FB300965BFD /* Sources */,
				F39881AF1A348FB300965BFD /* Frameworks */,
				F39881B01A348FB300965BFD /* Resources */,
				F39881D81A348FE200965BFD /* Embed Frameworks */,
			);
			buildRules = (
			);
			dependencies = (
				F39881D71A348FE200965BFD /* PBXTargetDependency */,
			);
			name = CustomActionSheetDemo;
			productName = CustomActionSheetDemo;
			productReference = F39881B21A348FB300965BFD /* CustomActionSheetDemo.app */;
			productType = "com.apple.product-type.application";
		};
/* End PBXNativeTarget section */

/* Begin PBXProject section */
		F378078D1A348F4B007D6A8F /* Project object */ = {
			isa = PBXProject;
			attributes = {
				LastUpgradeCheck = 0610;
				ORGANIZATIONNAME = tokoro;
				TargetAttributes = {
					F37807951A348F4B007D6A8F = {
						CreatedOnToolsVersion = 6.1;
					};
					F37807A01A348F4C007D6A8F = {
						CreatedOnToolsVersion = 6.1;
					};
					F39881B11A348FB300965BFD = {
						CreatedOnToolsVersion = 6.1;
					};
				};
			};
			buildConfigurationList = F37807901A348F4B007D6A8F /* Build configuration list for PBXProject "CustomActionSheetController" */;
			compatibilityVersion = "Xcode 3.2";
			developmentRegion = English;
			hasScannedForEncodings = 0;
			knownRegions = (
				en,
				Base,
			);
			mainGroup = F378078C1A348F4B007D6A8F;
			productRefGroup = F37807971A348F4B007D6A8F /* Products */;
			projectDirPath = "";
			projectRoot = "";
			targets = (
				F37807951A348F4B007D6A8F /* CustomActionSheetController */,
				F37807A01A348F4C007D6A8F /* CustomActionSheetControllerTests */,
				F39881B11A348FB300965BFD /* CustomActionSheetDemo */,
			);
		};
/* End PBXProject section */

/* Begin PBXResourcesBuildPhase section */
		F37807941A348F4B007D6A8F /* Resources */ = {
			isa = PBXResourcesBuildPhase;
			buildActionMask = 2147483647;
			files = (
				F398822D1A351ADE00965BFD /* CustomActionSheetForPad.storyboard in Resources */,
				F39881E41A34974500965BFD /* CustomActionSheet.storyboard in Resources */,
				F39881E61A349E2700965BFD /* Images.xcassets in Resources */,
			);
			runOnlyForDeploymentPostprocessing = 0;
		};
		F378079F1A348F4C007D6A8F /* Resources */ = {
			isa = PBXResourcesBuildPhase;
			buildActionMask = 2147483647;
			files = (
			);
			runOnlyForDeploymentPostprocessing = 0;
		};
		F39881B01A348FB300965BFD /* Resources */ = {
			isa = PBXResourcesBuildPhase;
			buildActionMask = 2147483647;
			files = (
				F39881BC1A348FB300965BFD /* Main.storyboard in Resources */,
				F39881C11A348FB300965BFD /* LaunchScreen.xib in Resources */,
				F39881BE1A348FB300965BFD /* Images.xcassets in Resources */,
			);
			runOnlyForDeploymentPostprocessing = 0;
		};
/* End PBXResourcesBuildPhase section */

/* Begin PBXSourcesBuildPhase section */
		F37807911A348F4B007D6A8F /* Sources */ = {
			isa = PBXSourcesBuildPhase;
			buildActionMask = 2147483647;
			files = (
				F39881E81A349FC700965BFD /* CustomActionSheetCell.swift in Sources */,
				F39881EA1A34ACB400965BFD /* CustomActionSheetAction.swift in Sources */,
				F3A517771A6CB0A500FFFFA4 /* CustomActionSheetPresentationController.swift in Sources */,
				F39881DA1A34934E00965BFD /* CustomActionSheetController.swift in Sources */,
			);
			runOnlyForDeploymentPostprocessing = 0;
		};
		F378079D1A348F4C007D6A8F /* Sources */ = {
			isa = PBXSourcesBuildPhase;
			buildActionMask = 2147483647;
			files = (
				F37807A91A348F4C007D6A8F /* CustomActionSheetControllerTests.swift in Sources */,
			);
			runOnlyForDeploymentPostprocessing = 0;
		};
		F39881AE1A348FB300965BFD /* Sources */ = {
			isa = PBXSourcesBuildPhase;
			buildActionMask = 2147483647;
			files = (
				F39881B91A348FB300965BFD /* ViewController.swift in Sources */,
				F39881B71A348FB300965BFD /* AppDelegate.swift in Sources */,
			);
			runOnlyForDeploymentPostprocessing = 0;
		};
/* End PBXSourcesBuildPhase section */

/* Begin PBXTargetDependency section */
		F37807A41A348F4C007D6A8F /* PBXTargetDependency */ = {
			isa = PBXTargetDependency;
			target = F37807951A348F4B007D6A8F /* CustomActionSheetController */;
			targetProxy = F37807A31A348F4C007D6A8F /* PBXContainerItemProxy */;
		};
		F39881D71A348FE200965BFD /* PBXTargetDependency */ = {
			isa = PBXTargetDependency;
			target = F37807951A348F4B007D6A8F /* CustomActionSheetController */;
			targetProxy = F39881D61A348FE200965BFD /* PBXContainerItemProxy */;
		};
/* End PBXTargetDependency section */

/* Begin PBXVariantGroup section */
		F39881BA1A348FB300965BFD /* Main.storyboard */ = {
			isa = PBXVariantGroup;
			children = (
				F39881BB1A348FB300965BFD /* Base */,
			);
			name = Main.storyboard;
			sourceTree = "<group>";
		};
		F39881BF1A348FB300965BFD /* LaunchScreen.xib */ = {
			isa = PBXVariantGroup;
			children = (
				F39881C01A348FB300965BFD /* Base */,
			);
			name = LaunchScreen.xib;
			sourceTree = "<group>";
		};
/* End PBXVariantGroup section */

/* Begin XCBuildConfiguration section */
		F37807AA1A348F4C007D6A8F /* Debug */ = {
			isa = XCBuildConfiguration;
			buildSettings = {
				ALWAYS_SEARCH_USER_PATHS = NO;
				CLANG_CXX_LANGUAGE_STANDARD = "gnu++0x";
				CLANG_CXX_LIBRARY = "libc++";
				CLANG_ENABLE_MODULES = YES;
				CLANG_ENABLE_OBJC_ARC = YES;
				CLANG_WARN_BOOL_CONVERSION = YES;
				CLANG_WARN_CONSTANT_CONVERSION = YES;
				CLANG_WARN_DIRECT_OBJC_ISA_USAGE = YES_ERROR;
				CLANG_WARN_EMPTY_BODY = YES;
				CLANG_WARN_ENUM_CONVERSION = YES;
				CLANG_WARN_INT_CONVERSION = YES;
				CLANG_WARN_OBJC_ROOT_CLASS = YES_ERROR;
				CLANG_WARN_UNREACHABLE_CODE = YES;
				CLANG_WARN__DUPLICATE_METHOD_MATCH = YES;
				"CODE_SIGN_IDENTITY[sdk=iphoneos*]" = "iPhone Developer";
				COPY_PHASE_STRIP = NO;
				CURRENT_PROJECT_VERSION = 1;
				ENABLE_STRICT_OBJC_MSGSEND = YES;
				GCC_C_LANGUAGE_STANDARD = gnu99;
				GCC_DYNAMIC_NO_PIC = NO;
				GCC_OPTIMIZATION_LEVEL = 0;
				GCC_PREPROCESSOR_DEFINITIONS = (
					"DEBUG=1",
					"$(inherited)",
				);
				GCC_SYMBOLS_PRIVATE_EXTERN = NO;
				GCC_WARN_64_TO_32_BIT_CONVERSION = YES;
				GCC_WARN_ABOUT_RETURN_TYPE = YES_ERROR;
				GCC_WARN_UNDECLARED_SELECTOR = YES;
				GCC_WARN_UNINITIALIZED_AUTOS = YES_AGGRESSIVE;
				GCC_WARN_UNUSED_FUNCTION = YES;
				GCC_WARN_UNUSED_VARIABLE = YES;
				IPHONEOS_DEPLOYMENT_TARGET = 8.1;
				MTL_ENABLE_DEBUG_INFO = YES;
				ONLY_ACTIVE_ARCH = YES;
				SDKROOT = iphoneos;
				SWIFT_OPTIMIZATION_LEVEL = "-Onone";
				TARGETED_DEVICE_FAMILY = "1,2";
				VERSIONING_SYSTEM = "apple-generic";
				VERSION_INFO_PREFIX = "";
			};
			name = Debug;
		};
		F37807AB1A348F4C007D6A8F /* Release */ = {
			isa = XCBuildConfiguration;
			buildSettings = {
				ALWAYS_SEARCH_USER_PATHS = NO;
				CLANG_CXX_LANGUAGE_STANDARD = "gnu++0x";
				CLANG_CXX_LIBRARY = "libc++";
				CLANG_ENABLE_MODULES = YES;
				CLANG_ENABLE_OBJC_ARC = YES;
				CLANG_WARN_BOOL_CONVERSION = YES;
				CLANG_WARN_CONSTANT_CONVERSION = YES;
				CLANG_WARN_DIRECT_OBJC_ISA_USAGE = YES_ERROR;
				CLANG_WARN_EMPTY_BODY = YES;
				CLANG_WARN_ENUM_CONVERSION = YES;
				CLANG_WARN_INT_CONVERSION = YES;
				CLANG_WARN_OBJC_ROOT_CLASS = YES_ERROR;
				CLANG_WARN_UNREACHABLE_CODE = YES;
				CLANG_WARN__DUPLICATE_METHOD_MATCH = YES;
				"CODE_SIGN_IDENTITY[sdk=iphoneos*]" = "iPhone Developer";
				COPY_PHASE_STRIP = YES;
				CURRENT_PROJECT_VERSION = 1;
				ENABLE_NS_ASSERTIONS = NO;
				ENABLE_STRICT_OBJC_MSGSEND = YES;
				GCC_C_LANGUAGE_STANDARD = gnu99;
				GCC_WARN_64_TO_32_BIT_CONVERSION = YES;
				GCC_WARN_ABOUT_RETURN_TYPE = YES_ERROR;
				GCC_WARN_UNDECLARED_SELECTOR = YES;
				GCC_WARN_UNINITIALIZED_AUTOS = YES_AGGRESSIVE;
				GCC_WARN_UNUSED_FUNCTION = YES;
				GCC_WARN_UNUSED_VARIABLE = YES;
				IPHONEOS_DEPLOYMENT_TARGET = 8.1;
				MTL_ENABLE_DEBUG_INFO = NO;
				SDKROOT = iphoneos;
				TARGETED_DEVICE_FAMILY = "1,2";
				VALIDATE_PRODUCT = YES;
				VERSIONING_SYSTEM = "apple-generic";
				VERSION_INFO_PREFIX = "";
			};
			name = Release;
		};
		F37807AD1A348F4C007D6A8F /* Debug */ = {
			isa = XCBuildConfiguration;
			buildSettings = {
				DEFINES_MODULE = YES;
				DYLIB_COMPATIBILITY_VERSION = 1;
				DYLIB_CURRENT_VERSION = 1;
				DYLIB_INSTALL_NAME_BASE = "@rpath";
				EMBEDDED_CONTENT_CONTAINS_SWIFT = YES;
				INFOPLIST_FILE = CustomActionSheetController/Info.plist;
				INSTALL_PATH = "$(LOCAL_LIBRARY_DIR)/Frameworks";
				LD_RUNPATH_SEARCH_PATHS = "$(inherited) @executable_path/Frameworks @loader_path/Frameworks";
				PRODUCT_NAME = "$(TARGET_NAME)";
				SKIP_INSTALL = YES;
			};
			name = Debug;
		};
		F37807AE1A348F4C007D6A8F /* Release */ = {
			isa = XCBuildConfiguration;
			buildSettings = {
				DEFINES_MODULE = YES;
				DYLIB_COMPATIBILITY_VERSION = 1;
				DYLIB_CURRENT_VERSION = 1;
				DYLIB_INSTALL_NAME_BASE = "@rpath";
				EMBEDDED_CONTENT_CONTAINS_SWIFT = YES;
				INFOPLIST_FILE = CustomActionSheetController/Info.plist;
				INSTALL_PATH = "$(LOCAL_LIBRARY_DIR)/Frameworks";
				LD_RUNPATH_SEARCH_PATHS = "$(inherited) @executable_path/Frameworks @loader_path/Frameworks";
				PRODUCT_NAME = "$(TARGET_NAME)";
				SKIP_INSTALL = YES;
			};
			name = Release;
		};
		F37807B01A348F4C007D6A8F /* Debug */ = {
			isa = XCBuildConfiguration;
			buildSettings = {
				FRAMEWORK_SEARCH_PATHS = (
					"$(SDKROOT)/Developer/Library/Frameworks",
					"$(inherited)",
				);
				GCC_PREPROCESSOR_DEFINITIONS = (
					"DEBUG=1",
					"$(inherited)",
				);
				INFOPLIST_FILE = CustomActionSheetControllerTests/Info.plist;
				LD_RUNPATH_SEARCH_PATHS = "$(inherited) @executable_path/Frameworks @loader_path/Frameworks";
				PRODUCT_NAME = "$(TARGET_NAME)";
			};
			name = Debug;
		};
		F37807B11A348F4C007D6A8F /* Release */ = {
			isa = XCBuildConfiguration;
			buildSettings = {
				FRAMEWORK_SEARCH_PATHS = (
					"$(SDKROOT)/Developer/Library/Frameworks",
					"$(inherited)",
				);
				INFOPLIST_FILE = CustomActionSheetControllerTests/Info.plist;
				LD_RUNPATH_SEARCH_PATHS = "$(inherited) @executable_path/Frameworks @loader_path/Frameworks";
				PRODUCT_NAME = "$(TARGET_NAME)";
			};
			name = Release;
		};
		F39881CE1A348FB300965BFD /* Debug */ = {
			isa = XCBuildConfiguration;
			buildSettings = {
				ASSETCATALOG_COMPILER_APPICON_NAME = AppIcon;
				GCC_PREPROCESSOR_DEFINITIONS = (
					"DEBUG=1",
					"$(inherited)",
				);
				INFOPLIST_FILE = CustomActionSheetDemo/Info.plist;
				LD_RUNPATH_SEARCH_PATHS = "$(inherited) @executable_path/Frameworks";
				PRODUCT_NAME = "$(TARGET_NAME)";
			};
			name = Debug;
		};
		F39881CF1A348FB300965BFD /* Release */ = {
			isa = XCBuildConfiguration;
			buildSettings = {
				ASSETCATALOG_COMPILER_APPICON_NAME = AppIcon;
				INFOPLIST_FILE = CustomActionSheetDemo/Info.plist;
				LD_RUNPATH_SEARCH_PATHS = "$(inherited) @executable_path/Frameworks";
				PRODUCT_NAME = "$(TARGET_NAME)";
			};
			name = Release;
		};
/* End XCBuildConfiguration section */

/* Begin XCConfigurationList section */
		F37807901A348F4B007D6A8F /* Build configuration list for PBXProject "CustomActionSheetController" */ = {
			isa = XCConfigurationList;
			buildConfigurations = (
				F37807AA1A348F4C007D6A8F /* Debug */,
				F37807AB1A348F4C007D6A8F /* Release */,
			);
			defaultConfigurationIsVisible = 0;
			defaultConfigurationName = Release;
		};
		F37807AC1A348F4C007D6A8F /* Build configuration list for PBXNativeTarget "CustomActionSheetController" */ = {
			isa = XCConfigurationList;
			buildConfigurations = (
				F37807AD1A348F4C007D6A8F /* Debug */,
				F37807AE1A348F4C007D6A8F /* Release */,
			);
			defaultConfigurationIsVisible = 0;
			defaultConfigurationName = Release;
		};
		F37807AF1A348F4C007D6A8F /* Build configuration list for PBXNativeTarget "CustomActionSheetControllerTests" */ = {
			isa = XCConfigurationList;
			buildConfigurations = (
				F37807B01A348F4C007D6A8F /* Debug */,
				F37807B11A348F4C007D6A8F /* Release */,
			);
			defaultConfigurationIsVisible = 0;
			defaultConfigurationName = Release;
		};
		F39881D21A348FB300965BFD /* Build configuration list for PBXNativeTarget "CustomActionSheetDemo" */ = {
			isa = XCConfigurationList;
			buildConfigurations = (
				F39881CE1A348FB300965BFD /* Debug */,
				F39881CF1A348FB300965BFD /* Release */,
			);
			defaultConfigurationIsVisible = 0;
			defaultConfigurationName = Release;
		};
/* End XCConfigurationList section */
	};
	rootObject = F378078D1A348F4B007D6A8F /* Project object */;
}
